Microsoft Visual Studio Solution File, Format Version 12.00
# Visual Studio Version 17
VisualStudioVersion = 17.0
MinimumVisualStudioVersion = 10.0.40219.1
Project("{FAE04EC0-301F-11D3-BF4B-00C04F79EFBC}") = "K3CSharp", "K3CSharp.csproj", "{8BC9CEB8-8B4A-11D0-8D10-00A2C91A9F7B}"
EndProject
Project("{FAE04EC0-301F-11D3-BF4B-00C04F79EFBC}") = "K3CSharp.Tests", "K3CSharp.Tests\K3CSharp.Tests.csproj", "{FFBEDADE-DC8C-C4FB-7325-577C7067BCAA}"
EndProject
Project("{FAE04EC0-301F-11D3-BF4B-00C04F79EFBC}") = "K3CSharp.Comparison", "K3CSharp.Comparison\K3CSharp.Comparison.csproj", "{12345678-1234-5678-9ABC-123456789ABC}"
EndProject
Global
	GlobalSection(SolutionConfigurationPlatforms) = preSolution
		Debug|Any CPU = Debug|Any CPU
		Release|Any CPU = Release|Any CPU
	EndGlobalSection
	GlobalSection(ProjectConfigurationPlatforms) = postSolution
		{8BC9CEB8-8B4A-11D0-8D10-00A2C91A9F7B}.Debug|Any CPU.ActiveCfg = Debug|Any CPU
		{8BC9CEB8-8B4A-11D0-8D10-00A2C91A9F7B}.Debug|Any CPU.Build.0 = Debug|Any CPU
		{8BC9CEB8-8B4A-11D0-8D10-00A2C91A9F7B}.Release|Any CPU.ActiveCfg = Release|Any CPU
		{8BC9CEB8-8B4A-11D0-8D10-00A2C91A9F7B}.Release|Any CPU.Build.0 = Release|Any CPU
		{FFBEDADE-DC8C-C4FB-7325-577C7067BCAA}.Debug|Any CPU.ActiveCfg = Debug|Any CPU
		{FFBEDADE-DC8C-C4FB-7325-577C7067BCAA}.Debug|Any CPU.Build.0 = Debug|Any CPU
		{FFBEDADE-DC8C-C4FB-7325-577C7067BCAA}.Release|Any CPU.ActiveCfg = Release|Any CPU
		{FFBEDADE-DC8C-C4FB-7325-577C7067BCAA}.Release|Any CPU.Build.0 = Release|Any CPU
		{12345678-1234-5678-9ABC-123456789ABC}.Debug|Any CPU.ActiveCfg = Debug|Any CPU
		{12345678-1234-5678-9ABC-123456789ABC}.Debug|Any CPU.Build.0 = Debug|Any CPU
		{12345678-1234-5678-9ABC-123456789ABC}.Release|Any CPU.ActiveCfg = Release|Any CPU
		{12345678-1234-5678-9ABC-123456789ABC}.Release|Any CPU.Build.0 = Release|Any CPU
	EndGlobalSection
	GlobalSection(SolutionProperties) = preSolution
		HideSolutionNode = FALSE
	EndGlobalSection
EndGlobal
